
Microsoft Visual Studio Solution File, Format Version 12.00
# Visual Studio 14
VisualStudioVersion = 14.0.24720.0
MinimumVisualStudioVersion = 10.0.40219.1
Project("{FAE04EC0-301F-11D3-BF4B-00C04F79EFBC}") = "ICT4Rails", "ICT4Rails\ICT4Rails.csproj", "{D6A0F574-51EF-4DD4-9BEB-0CD6AABA94A5}"
EndProject
Project("{FAE04EC0-301F-11D3-BF4B-00C04F79EFBC}") = "ICT4RailsTests", "ICT4RailsTests\ICT4RailsTests.csproj", "{47D259ED-1DF4-404F-B6E5-5C45E4574998}"
EndProject
Global
	GlobalSection(SolutionConfigurationPlatforms) = preSolution
		Debug|Any CPU = Debug|Any CPU
		Release|Any CPU = Release|Any CPU
	EndGlobalSection
	GlobalSection(ProjectConfigurationPlatforms) = postSolution
		{D6A0F574-51EF-4DD4-9BEB-0CD6AABA94A5}.Debug|Any CPU.ActiveCfg = Debug|Any CPU
		{D6A0F574-51EF-4DD4-9BEB-0CD6AABA94A5}.Debug|Any CPU.Build.0 = Debug|Any CPU
		{D6A0F574-51EF-4DD4-9BEB-0CD6AABA94A5}.Release|Any CPU.ActiveCfg = Release|Any CPU
		{D6A0F574-51EF-4DD4-9BEB-0CD6AABA94A5}.Release|Any CPU.Build.0 = Release|Any CPU
		{47D259ED-1DF4-404F-B6E5-5C45E4574998}.Debug|Any CPU.ActiveCfg = Debug|Any CPU
		{47D259ED-1DF4-404F-B6E5-5C45E4574998}.Debug|Any CPU.Build.0 = Debug|Any CPU
		{47D259ED-1DF4-404F-B6E5-5C45E4574998}.Release|Any CPU.ActiveCfg = Release|Any CPU
		{47D259ED-1DF4-404F-B6E5-5C45E4574998}.Release|Any CPU.Build.0 = Release|Any CPU
	EndGlobalSection
	GlobalSection(SolutionProperties) = preSolution
		HideSolutionNode = FALSE
	EndGlobalSection
EndGlobal
